
Microsoft Visual Studio Solution File, Format Version 12.00
# Visual Studio Version 17
VisualStudioVersion = 17.14.36408.4
MinimumVisualStudioVersion = 10.0.40219.1
Project("{FAE04EC0-301F-11D3-BF4B-00C04F79EFBC}") = "PokemonTCG.API", "PokemonTCG.API\PokemonTCG.API.csproj", "{F069C05A-DE56-9704-7A11-0A80AA070606}"
EndProject
Project("{FAE04EC0-301F-11D3-BF4B-00C04F79EFBC}") = "PokemonTCG.SDK", "PokemonTCG.SDK\PokemonTCG.SDK.csproj", "{A4F57C0D-88B5-7940-8317-FF7479D24841}"
EndProject
Project("{FAE04EC0-301F-11D3-BF4B-00C04F79EFBC}") = "PokemonTCG.Printer", "PokemonTCG.PDFPrinter\PokemonTCG.Printer.csproj", "{0F06A984-FE0C-FB30-6C2A-72CC670C1AE1}"
EndProject
Project("{2150E333-8FDC-42A3-9474-1A3956D46DE8}") = "Elementos de la solución", "Elementos de la solución", "{D107F4C8-89CC-BEA8-D3D7-CA6B7733353D}"
	ProjectSection(SolutionItems) = preProject
		docker-compose.yml = docker-compose.yml
		Dockerfile.api = Dockerfile.api
	EndProjectSection
EndProject
Project("{54A90642-561A-4BB1-A94E-469ADEE60C69}") = "PokemonTCG.Web.Client", "PokemonTCG.Web.Client\PokemonTCG.Web.Client.esproj", "{917E9EAF-4794-1FE5-8E96-FC4789C244FC}"
EndProject
Global
	GlobalSection(SolutionConfigurationPlatforms) = preSolution
		Debug|Any CPU = Debug|Any CPU
		Release|Any CPU = Release|Any CPU
	EndGlobalSection
	GlobalSection(ProjectConfigurationPlatforms) = postSolution
		{F069C05A-DE56-9704-7A11-0A80AA070606}.Debug|Any CPU.ActiveCfg = Debug|Any CPU
		{F069C05A-DE56-9704-7A11-0A80AA070606}.Debug|Any CPU.Build.0 = Debug|Any CPU
		{F069C05A-DE56-9704-7A11-0A80AA070606}.Release|Any CPU.ActiveCfg = Release|Any CPU
		{F069C05A-DE56-9704-7A11-0A80AA070606}.Release|Any CPU.Build.0 = Release|Any CPU
		{A4F57C0D-88B5-7940-8317-FF7479D24841}.Debug|Any CPU.ActiveCfg = Debug|Any CPU
		{A4F57C0D-88B5-7940-8317-FF7479D24841}.Debug|Any CPU.Build.0 = Debug|Any CPU
		{A4F57C0D-88B5-7940-8317-FF7479D24841}.Release|Any CPU.ActiveCfg = Release|Any CPU
		{A4F57C0D-88B5-7940-8317-FF7479D24841}.Release|Any CPU.Build.0 = Release|Any CPU
		{0F06A984-FE0C-FB30-6C2A-72CC670C1AE1}.Debug|Any CPU.ActiveCfg = Debug|Any CPU
		{0F06A984-FE0C-FB30-6C2A-72CC670C1AE1}.Debug|Any CPU.Build.0 = Debug|Any CPU
		{0F06A984-FE0C-FB30-6C2A-72CC670C1AE1}.Release|Any CPU.ActiveCfg = Release|Any CPU
		{0F06A984-FE0C-FB30-6C2A-72CC670C1AE1}.Release|Any CPU.Build.0 = Release|Any CPU
		{917E9EAF-4794-1FE5-8E96-FC4789C244FC}.Debug|Any CPU.ActiveCfg = Debug|Any CPU
		{917E9EAF-4794-1FE5-8E96-FC4789C244FC}.Debug|Any CPU.Build.0 = Debug|Any CPU
		{917E9EAF-4794-1FE5-8E96-FC4789C244FC}.Debug|Any CPU.Deploy.0 = Debug|Any CPU
		{917E9EAF-4794-1FE5-8E96-FC4789C244FC}.Release|Any CPU.ActiveCfg = Release|Any CPU
		{917E9EAF-4794-1FE5-8E96-FC4789C244FC}.Release|Any CPU.Build.0 = Release|Any CPU
		{917E9EAF-4794-1FE5-8E96-FC4789C244FC}.Release|Any CPU.Deploy.0 = Release|Any CPU
	EndGlobalSection
	GlobalSection(SolutionProperties) = preSolution
		HideSolutionNode = FALSE
	EndGlobalSection
	GlobalSection(ExtensibilityGlobals) = postSolution
		SolutionGuid = {6A4F7252-BBC9-4F2F-8323-6C6039A569FA}
	EndGlobalSection
EndGlobal
